// !$*UTF8*$!
{
	archiveVersion = 1;
	classes = {
	};
	objectVersion = 50;
	objects = {

/* Begin PBXBuildFile section */
		6826816121B2EB05004A8D87 /* UIBarButtonItem+KJExtension.m in Sources */ = {isa = PBXBuildFile; fileRef = 6826815221B2EB05004A8D87 /* UIBarButtonItem+KJExtension.m */; };
		6869043021B25BC700ED072F /* BaseViewController.m in Sources */ = {isa = PBXBuildFile; fileRef = 6869042F21B25BC700ED072F /* BaseViewController.m */; };
		6869043321B25C5C00ED072F /* KJEmitterVC.m in Sources */ = {isa = PBXBuildFile; fileRef = 6869043221B25C5C00ED072F /* KJEmitterVC.m */; };
		6869043621B25EAE00ED072F /* KJButtonVC.m in Sources */ = {isa = PBXBuildFile; fileRef = 6869043521B25EAE00ED072F /* KJButtonVC.m */; };
		6869043921B265E400ED072F /* KJButtonVC2.m in Sources */ = {isa = PBXBuildFile; fileRef = 6869043821B265E400ED072F /* KJButtonVC2.m */; };
		6869044021B27A6600ED072F /* KJViewVC.m in Sources */ = {isa = PBXBuildFile; fileRef = 6869043F21B27A6600ED072F /* KJViewVC.m */; };
		6869044A21B28E0300ED072F /* KJTextViewVC.m in Sources */ = {isa = PBXBuildFile; fileRef = 6869044921B28E0300ED072F /* KJTextViewVC.m */; };
		6869046C21B2D36B00ED072F /* KJFloodImageVC.m in Sources */ = {isa = PBXBuildFile; fileRef = 6869046A21B2D36B00ED072F /* KJFloodImageVC.m */; };
		6869046D21B2D36B00ED072F /* KJFloodImageVC.xib in Resources */ = {isa = PBXBuildFile; fileRef = 6869046B21B2D36B00ED072F /* KJFloodImageVC.xib */; };
		68776CEA21AC34A0000A1435 /* AppDelegate.m in Sources */ = {isa = PBXBuildFile; fileRef = 68776CE921AC34A0000A1435 /* AppDelegate.m */; };
		68776CED21AC34A0000A1435 /* ViewController.m in Sources */ = {isa = PBXBuildFile; fileRef = 68776CEC21AC34A0000A1435 /* ViewController.m */; };
		68776CF021AC34A0000A1435 /* Main.storyboard in Resources */ = {isa = PBXBuildFile; fileRef = 68776CEE21AC34A0000A1435 /* Main.storyboard */; };
		68776CF221AC34A0000A1435 /* Assets.xcassets in Resources */ = {isa = PBXBuildFile; fileRef = 68776CF121AC34A0000A1435 /* Assets.xcassets */; };
		68776CF521AC34A0000A1435 /* LaunchScreen.storyboard in Resources */ = {isa = PBXBuildFile; fileRef = 68776CF321AC34A0000A1435 /* LaunchScreen.storyboard */; };
		68776CF821AC34A0000A1435 /* main.m in Sources */ = {isa = PBXBuildFile; fileRef = 68776CF721AC34A0000A1435 /* main.m */; };
		689B1C0C21B2F43B0043EB39 /* UIButton+KJButtonCountDown.m in Sources */ = {isa = PBXBuildFile; fileRef = 689B1C0A21B2F43B0043EB39 /* UIButton+KJButtonCountDown.m */; };
		68B0301421B2FBC400349510 /* KJEmitter.bundle in Resources */ = {isa = PBXBuildFile; fileRef = 68B02FF321B2FBC400349510 /* KJEmitter.bundle */; };
		68B0301521B2FBC400349510 /* KJEmitterView.m in Sources */ = {isa = PBXBuildFile; fileRef = 68B02FF421B2FBC400349510 /* KJEmitterView.m */; };
		68B0301621B2FBC400349510 /* UIImage+KJFrame.m in Sources */ = {isa = PBXBuildFile; fileRef = 68B02FF621B2FBC400349510 /* UIImage+KJFrame.m */; };
		68B0301721B2FBC400349510 /* UIImage+KJFilter.m in Sources */ = {isa = PBXBuildFile; fileRef = 68B02FF821B2FBC400349510 /* UIImage+KJFilter.m */; };
		68B0301821B2FBC400349510 /* UIImage+FloodFill.m in Sources */ = {isa = PBXBuildFile; fileRef = 68B02FFA21B2FBC400349510 /* UIImage+FloodFill.m */; };
		68B0301921B2FBC400349510 /* UIButton+KJIndicator.m in Sources */ = {isa = PBXBuildFile; fileRef = 68B02FFD21B2FBC400349510 /* UIButton+KJIndicator.m */; };
		68B0301A21B2FBC400349510 /* UIButton+KJButtonContentLayout.m in Sources */ = {isa = PBXBuildFile; fileRef = 68B02FFE21B2FBC400349510 /* UIButton+KJButtonContentLayout.m */; };
		68B0301B21B2FBC400349510 /* UIView+KJXib.m in Sources */ = {isa = PBXBuildFile; fileRef = 68B0300321B2FBC400349510 /* UIView+KJXib.m */; };
		68B0301C21B2FBC400349510 /* UIView+KJRectCorner.m in Sources */ = {isa = PBXBuildFile; fileRef = 68B0300421B2FBC400349510 /* UIView+KJRectCorner.m */; };
		68B0301D21B2FBC400349510 /* UIView+KJFrame.m in Sources */ = {isa = PBXBuildFile; fileRef = 68B0300521B2FBC400349510 /* UIView+KJFrame.m */; };
		68B0301E21B2FBC400349510 /* KJErrorView.m in Sources */ = {isa = PBXBuildFile; fileRef = 68B0300921B2FBC400349510 /* KJErrorView.m */; };
		68B0301F21B2FBC400349510 /* KJErrorView.bundle in Resources */ = {isa = PBXBuildFile; fileRef = 68B0300A21B2FBC400349510 /* KJErrorView.bundle */; };
		68B0302021B2FBC400349510 /* UITextView+KJLimitCounter.m in Sources */ = {isa = PBXBuildFile; fileRef = 68B0300D21B2FBC400349510 /* UITextView+KJLimitCounter.m */; };
		68B0302121B2FBC400349510 /* UITextView+KJPlaceHolder.m in Sources */ = {isa = PBXBuildFile; fileRef = 68B0301021B2FBC400349510 /* UITextView+KJPlaceHolder.m */; };
		68B0302221B2FBC400349510 /* UINavigationBar+KJExtension.m in Sources */ = {isa = PBXBuildFile; fileRef = 68B0301321B2FBC400349510 /* UINavigationBar+KJExtension.m */; };
/* End PBXBuildFile section */

/* Begin PBXFileReference section */
		6826815121B2EB05004A8D87 /* UIBarButtonItem+KJExtension.h */ = {isa = PBXFileReference; fileEncoding = 4; lastKnownFileType = sourcecode.c.h; path = "UIBarButtonItem+KJExtension.h"; sourceTree = "<group>"; };
		6826815221B2EB05004A8D87 /* UIBarButtonItem+KJExtension.m */ = {isa = PBXFileReference; fileEncoding = 4; lastKnownFileType = sourcecode.c.objc; path = "UIBarButtonItem+KJExtension.m"; sourceTree = "<group>"; };
		6869042D21B25B1000ED072F /* PrefixHeader.pch */ = {isa = PBXFileReference; lastKnownFileType = sourcecode.c.h; path = PrefixHeader.pch; sourceTree = "<group>"; };
		6869042E21B25BC700ED072F /* BaseViewController.h */ = {isa = PBXFileReference; lastKnownFileType = sourcecode.c.h; path = BaseViewController.h; sourceTree = "<group>"; };
		6869042F21B25BC700ED072F /* BaseViewController.m */ = {isa = PBXFileReference; lastKnownFileType = sourcecode.c.objc; path = BaseViewController.m; sourceTree = "<group>"; };
		6869043121B25C5C00ED072F /* KJEmitterVC.h */ = {isa = PBXFileReference; lastKnownFileType = sourcecode.c.h; path = KJEmitterVC.h; sourceTree = "<group>"; };
		6869043221B25C5C00ED072F /* KJEmitterVC.m */ = {isa = PBXFileReference; lastKnownFileType = sourcecode.c.objc; path = KJEmitterVC.m; sourceTree = "<group>"; };
		6869043421B25EAE00ED072F /* KJButtonVC.h */ = {isa = PBXFileReference; lastKnownFileType = sourcecode.c.h; path = KJButtonVC.h; sourceTree = "<group>"; };
		6869043521B25EAE00ED072F /* KJButtonVC.m */ = {isa = PBXFileReference; lastKnownFileType = sourcecode.c.objc; path = KJButtonVC.m; sourceTree = "<group>"; };
		6869043721B265E400ED072F /* KJButtonVC2.h */ = {isa = PBXFileReference; lastKnownFileType = sourcecode.c.h; path = KJButtonVC2.h; sourceTree = "<group>"; };
		6869043821B265E400ED072F /* KJButtonVC2.m */ = {isa = PBXFileReference; lastKnownFileType = sourcecode.c.objc; path = KJButtonVC2.m; sourceTree = "<group>"; };
		6869043E21B27A6600ED072F /* KJViewVC.h */ = {isa = PBXFileReference; lastKnownFileType = sourcecode.c.h; path = KJViewVC.h; sourceTree = "<group>"; };
		6869043F21B27A6600ED072F /* KJViewVC.m */ = {isa = PBXFileReference; lastKnownFileType = sourcecode.c.objc; path = KJViewVC.m; sourceTree = "<group>"; };
		6869044821B28E0300ED072F /* KJTextViewVC.h */ = {isa = PBXFileReference; lastKnownFileType = sourcecode.c.h; path = KJTextViewVC.h; sourceTree = "<group>"; };
		6869044921B28E0300ED072F /* KJTextViewVC.m */ = {isa = PBXFileReference; lastKnownFileType = sourcecode.c.objc; path = KJTextViewVC.m; sourceTree = "<group>"; };
		6869046921B2D36B00ED072F /* KJFloodImageVC.h */ = {isa = PBXFileReference; fileEncoding = 4; lastKnownFileType = sourcecode.c.h; path = KJFloodImageVC.h; sourceTree = "<group>"; };
		6869046A21B2D36B00ED072F /* KJFloodImageVC.m */ = {isa = PBXFileReference; fileEncoding = 4; lastKnownFileType = sourcecode.c.objc; path = KJFloodImageVC.m; sourceTree = "<group>"; };
		6869046B21B2D36B00ED072F /* KJFloodImageVC.xib */ = {isa = PBXFileReference; fileEncoding = 4; lastKnownFileType = file.xib; path = KJFloodImageVC.xib; sourceTree = "<group>"; };
		68776CE521AC349F000A1435 /* KJEmitterView.app */ = {isa = PBXFileReference; explicitFileType = wrapper.application; includeInIndex = 0; path = KJEmitterView.app; sourceTree = BUILT_PRODUCTS_DIR; };
		68776CE821AC34A0000A1435 /* AppDelegate.h */ = {isa = PBXFileReference; lastKnownFileType = sourcecode.c.h; path = AppDelegate.h; sourceTree = "<group>"; };
		68776CE921AC34A0000A1435 /* AppDelegate.m */ = {isa = PBXFileReference; lastKnownFileType = sourcecode.c.objc; path = AppDelegate.m; sourceTree = "<group>"; };
		68776CEB21AC34A0000A1435 /* ViewController.h */ = {isa = PBXFileReference; lastKnownFileType = sourcecode.c.h; path = ViewController.h; sourceTree = "<group>"; };
		68776CEC21AC34A0000A1435 /* ViewController.m */ = {isa = PBXFileReference; lastKnownFileType = sourcecode.c.objc; path = ViewController.m; sourceTree = "<group>"; };
		68776CEF21AC34A0000A1435 /* Base */ = {isa = PBXFileReference; lastKnownFileType = file.storyboard; name = Base; path = Base.lproj/Main.storyboard; sourceTree = "<group>"; };
		68776CF121AC34A0000A1435 /* Assets.xcassets */ = {isa = PBXFileReference; lastKnownFileType = folder.assetcatalog; path = Assets.xcassets; sourceTree = "<group>"; };
		68776CF421AC34A0000A1435 /* Base */ = {isa = PBXFileReference; lastKnownFileType = file.storyboard; name = Base; path = Base.lproj/LaunchScreen.storyboard; sourceTree = "<group>"; };
		68776CF621AC34A0000A1435 /* Info.plist */ = {isa = PBXFileReference; lastKnownFileType = text.plist.xml; path = Info.plist; sourceTree = "<group>"; };
		68776CF721AC34A0000A1435 /* main.m */ = {isa = PBXFileReference; lastKnownFileType = sourcecode.c.objc; path = main.m; sourceTree = "<group>"; };
		689B1C0A21B2F43B0043EB39 /* UIButton+KJButtonCountDown.m */ = {isa = PBXFileReference; fileEncoding = 4; lastKnownFileType = sourcecode.c.objc; path = "UIButton+KJButtonCountDown.m"; sourceTree = "<group>"; };
		689B1C0B21B2F43B0043EB39 /* UIButton+KJButtonCountDown.h */ = {isa = PBXFileReference; fileEncoding = 4; lastKnownFileType = sourcecode.c.h; path = "UIButton+KJButtonCountDown.h"; sourceTree = "<group>"; };
		68AB4F8521AF834E003A2A60 /* KJHeader.h */ = {isa = PBXFileReference; lastKnownFileType = sourcecode.c.h; path = KJHeader.h; sourceTree = "<group>"; };
		68B02FF221B2FBC400349510 /* KJEmitterView.h */ = {isa = PBXFileReference; fileEncoding = 4; lastKnownFileType = sourcecode.c.h; path = KJEmitterView.h; sourceTree = "<group>"; };
		68B02FF321B2FBC400349510 /* KJEmitter.bundle */ = {isa = PBXFileReference; lastKnownFileType = "wrapper.plug-in"; path = KJEmitter.bundle; sourceTree = "<group>"; };
		68B02FF421B2FBC400349510 /* KJEmitterView.m */ = {isa = PBXFileReference; fileEncoding = 4; lastKnownFileType = sourcecode.c.objc; path = KJEmitterView.m; sourceTree = "<group>"; };
		68B02FF621B2FBC400349510 /* UIImage+KJFrame.m */ = {isa = PBXFileReference; fileEncoding = 4; lastKnownFileType = sourcecode.c.objc; path = "UIImage+KJFrame.m"; sourceTree = "<group>"; };
		68B02FF721B2FBC400349510 /* UIImage+FloodFill.h */ = {isa = PBXFileReference; fileEncoding = 4; lastKnownFileType = sourcecode.c.h; path = "UIImage+FloodFill.h"; sourceTree = "<group>"; };
		68B02FF821B2FBC400349510 /* UIImage+KJFilter.m */ = {isa = PBXFileReference; fileEncoding = 4; lastKnownFileType = sourcecode.c.objc; path = "UIImage+KJFilter.m"; sourceTree = "<group>"; };
		68B02FF921B2FBC400349510 /* UIImage+KJFrame.h */ = {isa = PBXFileReference; fileEncoding = 4; lastKnownFileType = sourcecode.c.h; path = "UIImage+KJFrame.h"; sourceTree = "<group>"; };
		68B02FFA21B2FBC400349510 /* UIImage+FloodFill.m */ = {isa = PBXFileReference; fileEncoding = 4; lastKnownFileType = sourcecode.c.objc; path = "UIImage+FloodFill.m"; sourceTree = "<group>"; };
		68B02FFB21B2FBC400349510 /* UIImage+KJFilter.h */ = {isa = PBXFileReference; fileEncoding = 4; lastKnownFileType = sourcecode.c.h; path = "UIImage+KJFilter.h"; sourceTree = "<group>"; };
		68B02FFD21B2FBC400349510 /* UIButton+KJIndicator.m */ = {isa = PBXFileReference; fileEncoding = 4; lastKnownFileType = sourcecode.c.objc; path = "UIButton+KJIndicator.m"; sourceTree = "<group>"; };
		68B02FFE21B2FBC400349510 /* UIButton+KJButtonContentLayout.m */ = {isa = PBXFileReference; fileEncoding = 4; lastKnownFileType = sourcecode.c.objc; path = "UIButton+KJButtonContentLayout.m"; sourceTree = "<group>"; };
		68B02FFF21B2FBC400349510 /* UIButton+KJIndicator.h */ = {isa = PBXFileReference; fileEncoding = 4; lastKnownFileType = sourcecode.c.h; path = "UIButton+KJIndicator.h"; sourceTree = "<group>"; };
		68B0300021B2FBC400349510 /* UIButton+KJButtonContentLayout.h */ = {isa = PBXFileReference; fileEncoding = 4; lastKnownFileType = sourcecode.c.h; path = "UIButton+KJButtonContentLayout.h"; sourceTree = "<group>"; };
		68B0300221B2FBC400349510 /* UIView+KJFrame.h */ = {isa = PBXFileReference; fileEncoding = 4; lastKnownFileType = sourcecode.c.h; path = "UIView+KJFrame.h"; sourceTree = "<group>"; };
		68B0300321B2FBC400349510 /* UIView+KJXib.m */ = {isa = PBXFileReference; fileEncoding = 4; lastKnownFileType = sourcecode.c.objc; path = "UIView+KJXib.m"; sourceTree = "<group>"; };
		68B0300421B2FBC400349510 /* UIView+KJRectCorner.m */ = {isa = PBXFileReference; fileEncoding = 4; lastKnownFileType = sourcecode.c.objc; path = "UIView+KJRectCorner.m"; sourceTree = "<group>"; };
		68B0300521B2FBC400349510 /* UIView+KJFrame.m */ = {isa = PBXFileReference; fileEncoding = 4; lastKnownFileType = sourcecode.c.objc; path = "UIView+KJFrame.m"; sourceTree = "<group>"; };
		68B0300621B2FBC400349510 /* UIView+KJRectCorner.h */ = {isa = PBXFileReference; fileEncoding = 4; lastKnownFileType = sourcecode.c.h; path = "UIView+KJRectCorner.h"; sourceTree = "<group>"; };
		68B0300721B2FBC400349510 /* UIView+KJXib.h */ = {isa = PBXFileReference; fileEncoding = 4; lastKnownFileType = sourcecode.c.h; path = "UIView+KJXib.h"; sourceTree = "<group>"; };
		68B0300921B2FBC400349510 /* KJErrorView.m */ = {isa = PBXFileReference; fileEncoding = 4; lastKnownFileType = sourcecode.c.objc; path = KJErrorView.m; sourceTree = "<group>"; };
		68B0300A21B2FBC400349510 /* KJErrorView.bundle */ = {isa = PBXFileReference; lastKnownFileType = "wrapper.plug-in"; path = KJErrorView.bundle; sourceTree = "<group>"; };
		68B0300B21B2FBC400349510 /* KJErrorView.h */ = {isa = PBXFileReference; fileEncoding = 4; lastKnownFileType = sourcecode.c.h; path = KJErrorView.h; sourceTree = "<group>"; };
		68B0300D21B2FBC400349510 /* UITextView+KJLimitCounter.m */ = {isa = PBXFileReference; fileEncoding = 4; lastKnownFileType = sourcecode.c.objc; path = "UITextView+KJLimitCounter.m"; sourceTree = "<group>"; };
		68B0300E21B2FBC400349510 /* UITextView+KJPlaceHolder.h */ = {isa = PBXFileReference; fileEncoding = 4; lastKnownFileType = sourcecode.c.h; path = "UITextView+KJPlaceHolder.h"; sourceTree = "<group>"; };
		68B0300F21B2FBC400349510 /* UITextView+KJLimitCounter.h */ = {isa = PBXFileReference; fileEncoding = 4; lastKnownFileType = sourcecode.c.h; path = "UITextView+KJLimitCounter.h"; sourceTree = "<group>"; };
		68B0301021B2FBC400349510 /* UITextView+KJPlaceHolder.m */ = {isa = PBXFileReference; fileEncoding = 4; lastKnownFileType = sourcecode.c.objc; path = "UITextView+KJPlaceHolder.m"; sourceTree = "<group>"; };
		68B0301221B2FBC400349510 /* UINavigationBar+KJExtension.h */ = {isa = PBXFileReference; fileEncoding = 4; lastKnownFileType = sourcecode.c.h; path = "UINavigationBar+KJExtension.h"; sourceTree = "<group>"; };
		68B0301321B2FBC400349510 /* UINavigationBar+KJExtension.m */ = {isa = PBXFileReference; fileEncoding = 4; lastKnownFileType = sourcecode.c.objc; path = "UINavigationBar+KJExtension.m"; sourceTree = "<group>"; };
/* End PBXFileReference section */

/* Begin PBXFrameworksBuildPhase section */
		68776CE221AC349F000A1435 /* Frameworks */ = {
			isa = PBXFrameworksBuildPhase;
			buildActionMask = 2147483647;
			files = (
			);
			runOnlyForDeploymentPostprocessing = 0;
		};
/* End PBXFrameworksBuildPhase section */

/* Begin PBXGroup section */
		6826815021B2EB05004A8D87 /* UIBarButtonItem */ = {
			isa = PBXGroup;
			children = (
				6826815121B2EB05004A8D87 /* UIBarButtonItem+KJExtension.h */,
				6826815221B2EB05004A8D87 /* UIBarButtonItem+KJExtension.m */,
			);
			path = UIBarButtonItem;
			sourceTree = "<group>";
		};
		6869042B21B253FC00ED072F /* TextVC */ = {
			isa = PBXGroup;
			children = (
				6869043121B25C5C00ED072F /* KJEmitterVC.h */,
				6869043221B25C5C00ED072F /* KJEmitterVC.m */,
				6869043421B25EAE00ED072F /* KJButtonVC.h */,
				6869043521B25EAE00ED072F /* KJButtonVC.m */,
				6869043721B265E400ED072F /* KJButtonVC2.h */,
				6869043821B265E400ED072F /* KJButtonVC2.m */,
				6869043E21B27A6600ED072F /* KJViewVC.h */,
				6869043F21B27A6600ED072F /* KJViewVC.m */,
				6869044821B28E0300ED072F /* KJTextViewVC.h */,
				6869044921B28E0300ED072F /* KJTextViewVC.m */,
				6869046921B2D36B00ED072F /* KJFloodImageVC.h */,
				6869046A21B2D36B00ED072F /* KJFloodImageVC.m */,
				6869046B21B2D36B00ED072F /* KJFloodImageVC.xib */,
			);
			path = TextVC;
			sourceTree = "<group>";
		};
		6869042C21B2541400ED072F /* Base */ = {
			isa = PBXGroup;
			children = (
				6869042E21B25BC700ED072F /* BaseViewController.h */,
				6869042F21B25BC700ED072F /* BaseViewController.m */,
			);
			path = Base;
			sourceTree = "<group>";
		};
		68776CDC21AC349F000A1435 = {
			isa = PBXGroup;
			children = (
				68776CE721AC349F000A1435 /* KJEmitterView */,
				68776CE621AC349F000A1435 /* Products */,
			);
			sourceTree = "<group>";
		};
		68776CE621AC349F000A1435 /* Products */ = {
			isa = PBXGroup;
			children = (
				68776CE521AC349F000A1435 /* KJEmitterView.app */,
			);
			name = Products;
			sourceTree = "<group>";
		};
		68776CE721AC349F000A1435 /* KJEmitterView */ = {
			isa = PBXGroup;
			children = (
				68AB4F8521AF834E003A2A60 /* KJHeader.h */,
				68776CE821AC34A0000A1435 /* AppDelegate.h */,
				68776CE921AC34A0000A1435 /* AppDelegate.m */,
				68B02FF021B2FBC400349510 /* Classes */,
				689B1C0921B2F43B0043EB39 /* abc */,
				6869042C21B2541400ED072F /* Base */,
				6869042B21B253FC00ED072F /* TextVC */,
				68776CEB21AC34A0000A1435 /* ViewController.h */,
				68776CEC21AC34A0000A1435 /* ViewController.m */,
				68776CEE21AC34A0000A1435 /* Main.storyboard */,
				6869042D21B25B1000ED072F /* PrefixHeader.pch */,
				68776CF121AC34A0000A1435 /* Assets.xcassets */,
				68776CF321AC34A0000A1435 /* LaunchScreen.storyboard */,
				68776CF621AC34A0000A1435 /* Info.plist */,
				68776CF721AC34A0000A1435 /* main.m */,
			);
			path = KJEmitterView;
			sourceTree = "<group>";
		};
		689B1C0921B2F43B0043EB39 /* abc */ = {
			isa = PBXGroup;
			children = (
				6826815021B2EB05004A8D87 /* UIBarButtonItem */,
				689B1C0A21B2F43B0043EB39 /* UIButton+KJButtonCountDown.m */,
				689B1C0B21B2F43B0043EB39 /* UIButton+KJButtonCountDown.h */,
			);
			path = abc;
			sourceTree = "<group>";
		};
		68B02FF021B2FBC400349510 /* Classes */ = {
			isa = PBXGroup;
			children = (
				68B02FF121B2FBC400349510 /* EmitterView */,
				68B02FF521B2FBC400349510 /* UIImage */,
				68B02FFC21B2FBC400349510 /* UIButton */,
				68B0300121B2FBC400349510 /* UIView */,
				68B0300821B2FBC400349510 /* ErrorView */,
				68B0300C21B2FBC400349510 /* UITextView */,
				68B0301121B2FBC400349510 /* UINavigationBar */,
			);
			path = Classes;
			sourceTree = "<group>";
		};
		68B02FF121B2FBC400349510 /* EmitterView */ = {
			isa = PBXGroup;
			children = (
				68B02FF221B2FBC400349510 /* KJEmitterView.h */,
				68B02FF321B2FBC400349510 /* KJEmitter.bundle */,
				68B02FF421B2FBC400349510 /* KJEmitterView.m */,
			);
			path = EmitterView;
			sourceTree = "<group>";
		};
		68B02FF521B2FBC400349510 /* UIImage */ = {
			isa = PBXGroup;
			children = (
				68B02FF621B2FBC400349510 /* UIImage+KJFrame.m */,
				68B02FF721B2FBC400349510 /* UIImage+FloodFill.h */,
				68B02FF821B2FBC400349510 /* UIImage+KJFilter.m */,
				68B02FF921B2FBC400349510 /* UIImage+KJFrame.h */,
				68B02FFA21B2FBC400349510 /* UIImage+FloodFill.m */,
				68B02FFB21B2FBC400349510 /* UIImage+KJFilter.h */,
			);
			path = UIImage;
			sourceTree = "<group>";
		};
		68B02FFC21B2FBC400349510 /* UIButton */ = {
			isa = PBXGroup;
			children = (
				68B02FFD21B2FBC400349510 /* UIButton+KJIndicator.m */,
				68B02FFE21B2FBC400349510 /* UIButton+KJButtonContentLayout.m */,
				68B02FFF21B2FBC400349510 /* UIButton+KJIndicator.h */,
				68B0300021B2FBC400349510 /* UIButton+KJButtonContentLayout.h */,
			);
			path = UIButton;
			sourceTree = "<group>";
		};
		68B0300121B2FBC400349510 /* UIView */ = {
			isa = PBXGroup;
			children = (
				68B0300221B2FBC400349510 /* UIView+KJFrame.h */,
				68B0300321B2FBC400349510 /* UIView+KJXib.m */,
				68B0300421B2FBC400349510 /* UIView+KJRectCorner.m */,
				68B0300521B2FBC400349510 /* UIView+KJFrame.m */,
				68B0300621B2FBC400349510 /* UIView+KJRectCorner.h */,
				68B0300721B2FBC400349510 /* UIView+KJXib.h */,
			);
			path = UIView;
			sourceTree = "<group>";
		};
		68B0300821B2FBC400349510 /* ErrorView */ = {
			isa = PBXGroup;
			children = (
				68B0300921B2FBC400349510 /* KJErrorView.m */,
				68B0300A21B2FBC400349510 /* KJErrorView.bundle */,
				68B0300B21B2FBC400349510 /* KJErrorView.h */,
			);
			path = ErrorView;
			sourceTree = "<group>";
		};
		68B0300C21B2FBC400349510 /* UITextView */ = {
			isa = PBXGroup;
			children = (
				68B0300D21B2FBC400349510 /* UITextView+KJLimitCounter.m */,
				68B0300E21B2FBC400349510 /* UITextView+KJPlaceHolder.h */,
				68B0300F21B2FBC400349510 /* UITextView+KJLimitCounter.h */,
				68B0301021B2FBC400349510 /* UITextView+KJPlaceHolder.m */,
			);
			path = UITextView;
			sourceTree = "<group>";
		};
		68B0301121B2FBC400349510 /* UINavigationBar */ = {
			isa = PBXGroup;
			children = (
				68B0301221B2FBC400349510 /* UINavigationBar+KJExtension.h */,
				68B0301321B2FBC400349510 /* UINavigationBar+KJExtension.m */,
			);
			path = UINavigationBar;
			sourceTree = "<group>";
		};
/* End PBXGroup section */

/* Begin PBXNativeTarget section */
		68776CE421AC349F000A1435 /* KJEmitterView */ = {
			isa = PBXNativeTarget;
			buildConfigurationList = 68776CFB21AC34A0000A1435 /* Build configuration list for PBXNativeTarget "KJEmitterView" */;
			buildPhases = (
				68776CE121AC349F000A1435 /* Sources */,
				68776CE221AC349F000A1435 /* Frameworks */,
				68776CE321AC349F000A1435 /* Resources */,
			);
			buildRules = (
			);
			dependencies = (
			);
			name = KJEmitterView;
			productName = KJEmitterView;
			productReference = 68776CE521AC349F000A1435 /* KJEmitterView.app */;
			productType = "com.apple.product-type.application";
		};
/* End PBXNativeTarget section */

/* Begin PBXProject section */
		68776CDD21AC349F000A1435 /* Project object */ = {
			isa = PBXProject;
			attributes = {
				LastUpgradeCheck = 1010;
				ORGANIZATIONNAME = "杨科军";
				TargetAttributes = {
					68776CE421AC349F000A1435 = {
						CreatedOnToolsVersion = 10.1;
					};
				};
			};
			buildConfigurationList = 68776CE021AC349F000A1435 /* Build configuration list for PBXProject "KJEmitterView" */;
			compatibilityVersion = "Xcode 9.3";
			developmentRegion = en;
			hasScannedForEncodings = 0;
			knownRegions = (
				en,
				Base,
			);
			mainGroup = 68776CDC21AC349F000A1435;
			productRefGroup = 68776CE621AC349F000A1435 /* Products */;
			projectDirPath = "";
			projectRoot = "";
			targets = (
				68776CE421AC349F000A1435 /* KJEmitterView */,
			);
		};
/* End PBXProject section */

/* Begin PBXResourcesBuildPhase section */
		68776CE321AC349F000A1435 /* Resources */ = {
			isa = PBXResourcesBuildPhase;
			buildActionMask = 2147483647;
			files = (
				6869046D21B2D36B00ED072F /* KJFloodImageVC.xib in Resources */,
				68776CF521AC34A0000A1435 /* LaunchScreen.storyboard in Resources */,
				68B0301F21B2FBC400349510 /* KJErrorView.bundle in Resources */,
				68B0301421B2FBC400349510 /* KJEmitter.bundle in Resources */,
				68776CF221AC34A0000A1435 /* Assets.xcassets in Resources */,
				68776CF021AC34A0000A1435 /* Main.storyboard in Resources */,
			);
			runOnlyForDeploymentPostprocessing = 0;
		};
/* End PBXResourcesBuildPhase section */

/* Begin PBXSourcesBuildPhase section */
		68776CE121AC349F000A1435 /* Sources */ = {
			isa = PBXSourcesBuildPhase;
			buildActionMask = 2147483647;
			files = (
				68B0301C21B2FBC400349510 /* UIView+KJRectCorner.m in Sources */,
				6869043621B25EAE00ED072F /* KJButtonVC.m in Sources */,
				6869043021B25BC700ED072F /* BaseViewController.m in Sources */,
				68B0302221B2FBC400349510 /* UINavigationBar+KJExtension.m in Sources */,
				68B0301521B2FBC400349510 /* KJEmitterView.m in Sources */,
				6869043921B265E400ED072F /* KJButtonVC2.m in Sources */,
				68B0301B21B2FBC400349510 /* UIView+KJXib.m in Sources */,
				68B0302121B2FBC400349510 /* UITextView+KJPlaceHolder.m in Sources */,
				68B0301A21B2FBC400349510 /* UIButton+KJButtonContentLayout.m in Sources */,
				6869044021B27A6600ED072F /* KJViewVC.m in Sources */,
				68B0301821B2FBC400349510 /* UIImage+FloodFill.m in Sources */,
				6869046C21B2D36B00ED072F /* KJFloodImageVC.m in Sources */,
				68B0301E21B2FBC400349510 /* KJErrorView.m in Sources */,
				68B0301621B2FBC400349510 /* UIImage+KJFrame.m in Sources */,
				68B0302021B2FBC400349510 /* UITextView+KJLimitCounter.m in Sources */,
				68B0301D21B2FBC400349510 /* UIView+KJFrame.m in Sources */,
				6869044A21B28E0300ED072F /* KJTextViewVC.m in Sources */,
				68B0301721B2FBC400349510 /* UIImage+KJFilter.m in Sources */,
				68776CED21AC34A0000A1435 /* ViewController.m in Sources */,
				6826816121B2EB05004A8D87 /* UIBarButtonItem+KJExtension.m in Sources */,
				6869043321B25C5C00ED072F /* KJEmitterVC.m in Sources */,
				68776CF821AC34A0000A1435 /* main.m in Sources */,
				68B0301921B2FBC400349510 /* UIButton+KJIndicator.m in Sources */,
				689B1C0C21B2F43B0043EB39 /* UIButton+KJButtonCountDown.m in Sources */,
				68776CEA21AC34A0000A1435 /* AppDelegate.m in Sources */,
			);
			runOnlyForDeploymentPostprocessing = 0;
		};
/* End PBXSourcesBuildPhase section */

/* Begin PBXVariantGroup section */
		68776CEE21AC34A0000A1435 /* Main.storyboard */ = {
			isa = PBXVariantGroup;
			children = (
				68776CEF21AC34A0000A1435 /* Base */,
			);
			name = Main.storyboard;
			sourceTree = "<group>";
		};
		68776CF321AC34A0000A1435 /* LaunchScreen.storyboard */ = {
			isa = PBXVariantGroup;
			children = (
				68776CF421AC34A0000A1435 /* Base */,
			);
			name = LaunchScreen.storyboard;
			sourceTree = "<group>";
		};
/* End PBXVariantGroup section */

/* Begin XCBuildConfiguration section */
		68776CF921AC34A0000A1435 /* Debug */ = {
			isa = XCBuildConfiguration;
			buildSettings = {
				ALWAYS_SEARCH_USER_PATHS = NO;
				CLANG_ANALYZER_NONNULL = YES;
				CLANG_ANALYZER_NUMBER_OBJECT_CONVERSION = YES_AGGRESSIVE;
				CLANG_CXX_LANGUAGE_STANDARD = "gnu++14";
				CLANG_CXX_LIBRARY = "libc++";
				CLANG_ENABLE_MODULES = YES;
				CLANG_ENABLE_OBJC_ARC = YES;
				CLANG_ENABLE_OBJC_WEAK = YES;
				CLANG_WARN_BLOCK_CAPTURE_AUTORELEASING = YES;
				CLANG_WARN_BOOL_CONVERSION = YES;
				CLANG_WARN_COMMA = YES;
				CLANG_WARN_CONSTANT_CONVERSION = YES;
				CLANG_WARN_DEPRECATED_OBJC_IMPLEMENTATIONS = YES;
				CLANG_WARN_DIRECT_OBJC_ISA_USAGE = YES_ERROR;
				CLANG_WARN_DOCUMENTATION_COMMENTS = YES;
				CLANG_WARN_EMPTY_BODY = YES;
				CLANG_WARN_ENUM_CONVERSION = YES;
				CLANG_WARN_INFINITE_RECURSION = YES;
				CLANG_WARN_INT_CONVERSION = YES;
				CLANG_WARN_NON_LITERAL_NULL_CONVERSION = YES;
				CLANG_WARN_OBJC_IMPLICIT_RETAIN_SELF = YES;
				CLANG_WARN_OBJC_LITERAL_CONVERSION = YES;
				CLANG_WARN_OBJC_ROOT_CLASS = YES_ERROR;
				CLANG_WARN_RANGE_LOOP_ANALYSIS = YES;
				CLANG_WARN_STRICT_PROTOTYPES = YES;
				CLANG_WARN_SUSPICIOUS_MOVE = YES;
				CLANG_WARN_UNGUARDED_AVAILABILITY = YES_AGGRESSIVE;
				CLANG_WARN_UNREACHABLE_CODE = YES;
				CLANG_WARN__DUPLICATE_METHOD_MATCH = YES;
				CODE_SIGN_IDENTITY = "iPhone Developer";
				COPY_PHASE_STRIP = NO;
				DEBUG_INFORMATION_FORMAT = dwarf;
				ENABLE_STRICT_OBJC_MSGSEND = YES;
				ENABLE_TESTABILITY = YES;
				GCC_C_LANGUAGE_STANDARD = gnu11;
				GCC_DYNAMIC_NO_PIC = NO;
				GCC_NO_COMMON_BLOCKS = YES;
				GCC_OPTIMIZATION_LEVEL = 0;
				GCC_PREPROCESSOR_DEFINITIONS = (
					"DEBUG=1",
					"$(inherited)",
				);
				GCC_WARN_64_TO_32_BIT_CONVERSION = YES;
				GCC_WARN_ABOUT_RETURN_TYPE = YES_ERROR;
				GCC_WARN_UNDECLARED_SELECTOR = YES;
				GCC_WARN_UNINITIALIZED_AUTOS = YES_AGGRESSIVE;
				GCC_WARN_UNUSED_FUNCTION = YES;
				GCC_WARN_UNUSED_VARIABLE = YES;
				IPHONEOS_DEPLOYMENT_TARGET = 12.1;
				MTL_ENABLE_DEBUG_INFO = INCLUDE_SOURCE;
				MTL_FAST_MATH = YES;
				ONLY_ACTIVE_ARCH = YES;
				SDKROOT = iphoneos;
			};
			name = Debug;
		};
		68776CFA21AC34A0000A1435 /* Release */ = {
			isa = XCBuildConfiguration;
			buildSettings = {
				ALWAYS_SEARCH_USER_PATHS = NO;
				CLANG_ANALYZER_NONNULL = YES;
				CLANG_ANALYZER_NUMBER_OBJECT_CONVERSION = YES_AGGRESSIVE;
				CLANG_CXX_LANGUAGE_STANDARD = "gnu++14";
				CLANG_CXX_LIBRARY = "libc++";
				CLANG_ENABLE_MODULES = YES;
				CLANG_ENABLE_OBJC_ARC = YES;
				CLANG_ENABLE_OBJC_WEAK = YES;
				CLANG_WARN_BLOCK_CAPTURE_AUTORELEASING = YES;
				CLANG_WARN_BOOL_CONVERSION = YES;
				CLANG_WARN_COMMA = YES;
				CLANG_WARN_CONSTANT_CONVERSION = YES;
				CLANG_WARN_DEPRECATED_OBJC_IMPLEMENTATIONS = YES;
				CLANG_WARN_DIRECT_OBJC_ISA_USAGE = YES_ERROR;
				CLANG_WARN_DOCUMENTATION_COMMENTS = YES;
				CLANG_WARN_EMPTY_BODY = YES;
				CLANG_WARN_ENUM_CONVERSION = YES;
				CLANG_WARN_INFINITE_RECURSION = YES;
				CLANG_WARN_INT_CONVERSION = YES;
				CLANG_WARN_NON_LITERAL_NULL_CONVERSION = YES;
				CLANG_WARN_OBJC_IMPLICIT_RETAIN_SELF = YES;
				CLANG_WARN_OBJC_LITERAL_CONVERSION = YES;
				CLANG_WARN_OBJC_ROOT_CLASS = YES_ERROR;
				CLANG_WARN_RANGE_LOOP_ANALYSIS = YES;
				CLANG_WARN_STRICT_PROTOTYPES = YES;
				CLANG_WARN_SUSPICIOUS_MOVE = YES;
				CLANG_WARN_UNGUARDED_AVAILABILITY = YES_AGGRESSIVE;
				CLANG_WARN_UNREACHABLE_CODE = YES;
				CLANG_WARN__DUPLICATE_METHOD_MATCH = YES;
				CODE_SIGN_IDENTITY = "iPhone Developer";
				COPY_PHASE_STRIP = NO;
				DEBUG_INFORMATION_FORMAT = "dwarf-with-dsym";
				ENABLE_NS_ASSERTIONS = NO;
				ENABLE_STRICT_OBJC_MSGSEND = YES;
				GCC_C_LANGUAGE_STANDARD = gnu11;
				GCC_NO_COMMON_BLOCKS = YES;
				GCC_WARN_64_TO_32_BIT_CONVERSION = YES;
				GCC_WARN_ABOUT_RETURN_TYPE = YES_ERROR;
				GCC_WARN_UNDECLARED_SELECTOR = YES;
				GCC_WARN_UNINITIALIZED_AUTOS = YES_AGGRESSIVE;
				GCC_WARN_UNUSED_FUNCTION = YES;
				GCC_WARN_UNUSED_VARIABLE = YES;
				IPHONEOS_DEPLOYMENT_TARGET = 12.1;
				MTL_ENABLE_DEBUG_INFO = NO;
				MTL_FAST_MATH = YES;
				SDKROOT = iphoneos;
				VALIDATE_PRODUCT = YES;
			};
			name = Release;
		};
		68776CFC21AC34A0000A1435 /* Debug */ = {
			isa = XCBuildConfiguration;
			buildSettings = {
				ASSETCATALOG_COMPILER_APPICON_NAME = AppIcon;
				CODE_SIGN_STYLE = Automatic;
				DEVELOPMENT_TEAM = VH48VHTX9R;
				GCC_PREFIX_HEADER = "$(SRCROOT)/KJEmitterView/PrefixHeader.pch";
				INFOPLIST_FILE = KJEmitterView/Info.plist;
				LD_RUNPATH_SEARCH_PATHS = (
					"$(inherited)",
					"@executable_path/Frameworks",
				);
				PRODUCT_BUNDLE_IDENTIFIER = com.yangkejun.KJEmitterView;
				PRODUCT_NAME = "$(TARGET_NAME)";
				TARGETED_DEVICE_FAMILY = "1,2";
			};
			name = Debug;
		};
		68776CFD21AC34A0000A1435 /* Release */ = {
			isa = XCBuildConfiguration;
			buildSettings = {
				ASSETCATALOG_COMPILER_APPICON_NAME = AppIcon;
				CODE_SIGN_STYLE = Automatic;
				DEVELOPMENT_TEAM = VH48VHTX9R;
				GCC_PREFIX_HEADER = "$(SRCROOT)/KJEmitterView/PrefixHeader.pch";
				INFOPLIST_FILE = KJEmitterView/Info.plist;
				LD_RUNPATH_SEARCH_PATHS = (
					"$(inherited)",
					"@executable_path/Frameworks",
				);
				PRODUCT_BUNDLE_IDENTIFIER = com.yangkejun.KJEmitterView;
				PRODUCT_NAME = "$(TARGET_NAME)";
				TARGETED_DEVICE_FAMILY = "1,2";
			};
			name = Release;
		};
/* End XCBuildConfiguration section */

/* Begin XCConfigurationList section */
		68776CE021AC349F000A1435 /* Build configuration list for PBXProject "KJEmitterView" */ = {
			isa = XCConfigurationList;
			buildConfigurations = (
				68776CF921AC34A0000A1435 /* Debug */,
				68776CFA21AC34A0000A1435 /* Release */,
			);
			defaultConfigurationIsVisible = 0;
			defaultConfigurationName = Release;
		};
		68776CFB21AC34A0000A1435 /* Build configuration list for PBXNativeTarget "KJEmitterView" */ = {
			isa = XCConfigurationList;
			buildConfigurations = (
				68776CFC21AC34A0000A1435 /* Debug */,
				68776CFD21AC34A0000A1435 /* Release */,
			);
			defaultConfigurationIsVisible = 0;
			defaultConfigurationName = Release;
		};
/* End XCConfigurationList section */
	};
	rootObject = 68776CDD21AC349F000A1435 /* Project object */;
}
